// !$*UTF8*$!
{
	archiveVersion = 1;
	classes = {
	};
	objectVersion = 50;
	objects = {

/* Begin PBXBuildFile section */
		699F362B267D080100D354CC /* AppDelegate.swift in Sources */ = {isa = PBXBuildFile; fileRef = 699F362A267D080100D354CC /* AppDelegate.swift */; };
		699F362D267D080100D354CC /* SceneDelegate.swift in Sources */ = {isa = PBXBuildFile; fileRef = 699F362C267D080100D354CC /* SceneDelegate.swift */; };
		699F362F267D080100D354CC /* ContentView.swift in Sources */ = {isa = PBXBuildFile; fileRef = 699F362E267D080100D354CC /* ContentView.swift */; };
		699F3631267D080200D354CC /* Assets.xcassets in Resources */ = {isa = PBXBuildFile; fileRef = 699F3630267D080200D354CC /* Assets.xcassets */; };
		699F3634267D080200D354CC /* Preview Assets.xcassets in Resources */ = {isa = PBXBuildFile; fileRef = 699F3633267D080200D354CC /* Preview Assets.xcassets */; };
		699F3637267D080200D354CC /* LaunchScreen.storyboard in Resources */ = {isa = PBXBuildFile; fileRef = 699F3635267D080200D354CC /* LaunchScreen.storyboard */; };
		699F3642267D080200D354CC /* JCCardTests.swift in Sources */ = {isa = PBXBuildFile; fileRef = 699F3641267D080200D354CC /* JCCardTests.swift */; };
		699F364D267D080200D354CC /* JCCardUITests.swift in Sources */ = {isa = PBXBuildFile; fileRef = 699F364C267D080200D354CC /* JCCardUITests.swift */; };
/* End PBXBuildFile section */

/* Begin PBXContainerItemProxy section */
		699F363E267D080200D354CC /* PBXContainerItemProxy */ = {
			isa = PBXContainerItemProxy;
			containerPortal = 699F361F267D080100D354CC /* Project object */;
			proxyType = 1;
			remoteGlobalIDString = 699F3626267D080100D354CC;
			remoteInfo = JCCard;
		};
		699F3649267D080200D354CC /* PBXContainerItemProxy */ = {
			isa = PBXContainerItemProxy;
			containerPortal = 699F361F267D080100D354CC /* Project object */;
			proxyType = 1;
			remoteGlobalIDString = 699F3626267D080100D354CC;
			remoteInfo = JCCard;
		};
/* End PBXContainerItemProxy section */

/* Begin PBXFileReference section */
		699F3627267D080100D354CC /* JCCard.app */ = {isa = PBXFileReference; explicitFileType = wrapper.application; includeInIndex = 0; path = JCCard.app; sourceTree = BUILT_PRODUCTS_DIR; };
		699F362A267D080100D354CC /* AppDelegate.swift */ = {isa = PBXFileReference; lastKnownFileType = sourcecode.swift; path = AppDelegate.swift; sourceTree = "<group>"; };
		699F362C267D080100D354CC /* SceneDelegate.swift */ = {isa = PBXFileReference; lastKnownFileType = sourcecode.swift; path = SceneDelegate.swift; sourceTree = "<group>"; };
		699F362E267D080100D354CC /* ContentView.swift */ = {isa = PBXFileReference; lastKnownFileType = sourcecode.swift; path = ContentView.swift; sourceTree = "<group>"; };
		699F3630267D080200D354CC /* Assets.xcassets */ = {isa = PBXFileReference; lastKnownFileType = folder.assetcatalog; path = Assets.xcassets; sourceTree = "<group>"; };
		699F3633267D080200D354CC /* Preview Assets.xcassets */ = {isa = PBXFileReference; lastKnownFileType = folder.assetcatalog; path = "Preview Assets.xcassets"; sourceTree = "<group>"; };
		699F3636267D080200D354CC /* Base */ = {isa = PBXFileReference; lastKnownFileType = file.storyboard; name = Base; path = Base.lproj/LaunchScreen.storyboard; sourceTree = "<group>"; };
		699F3638267D080200D354CC /* Info.plist */ = {isa = PBXFileReference; lastKnownFileType = text.plist.xml; path = Info.plist; sourceTree = "<group>"; };
		699F363D267D080200D354CC /* JCCardTests.xctest */ = {isa = PBXFileReference; explicitFileType = wrapper.cfbundle; includeInIndex = 0; path = JCCardTests.xctest; sourceTree = BUILT_PRODUCTS_DIR; };
		699F3641267D080200D354CC /* JCCardTests.swift */ = {isa = PBXFileReference; lastKnownFileType = sourcecode.swift; path = JCCardTests.swift; sourceTree = "<group>"; };
		699F3643267D080200D354CC /* Info.plist */ = {isa = PBXFileReference; lastKnownFileType = text.plist.xml; path = Info.plist; sourceTree = "<group>"; };
		699F3648267D080200D354CC /* JCCardUITests.xctest */ = {isa = PBXFileReference; explicitFileType = wrapper.cfbundle; includeInIndex = 0; path = JCCardUITests.xctest; sourceTree = BUILT_PRODUCTS_DIR; };
		699F364C267D080200D354CC /* JCCardUITests.swift */ = {isa = PBXFileReference; lastKnownFileType = sourcecode.swift; path = JCCardUITests.swift; sourceTree = "<group>"; };
		699F364E267D080200D354CC /* Info.plist */ = {isa = PBXFileReference; lastKnownFileType = text.plist.xml; path = Info.plist; sourceTree = "<group>"; };
/* End PBXFileReference section */

/* Begin PBXFrameworksBuildPhase section */
		699F3624267D080100D354CC /* Frameworks */ = {
			isa = PBXFrameworksBuildPhase;
			buildActionMask = 2147483647;
			files = (
			);
			runOnlyForDeploymentPostprocessing = 0;
		};
		699F363A267D080200D354CC /* Frameworks */ = {
			isa = PBXFrameworksBuildPhase;
			buildActionMask = 2147483647;
			files = (
			);
			runOnlyForDeploymentPostprocessing = 0;
		};
		699F3645267D080200D354CC /* Frameworks */ = {
			isa = PBXFrameworksBuildPhase;
			buildActionMask = 2147483647;
			files = (
			);
			runOnlyForDeploymentPostprocessing = 0;
		};
/* End PBXFrameworksBuildPhase section */

/* Begin PBXGroup section */
		699F361E267D080100D354CC = {
			isa = PBXGroup;
			children = (
				699F3629267D080100D354CC /* JCCard */,
				699F3640267D080200D354CC /* JCCardTests */,
				699F364B267D080200D354CC /* JCCardUITests */,
				699F3628267D080100D354CC /* Products */,
			);
			sourceTree = "<group>";
		};
		699F3628267D080100D354CC /* Products */ = {
			isa = PBXGroup;
			children = (
				699F3627267D080100D354CC /* JCCard.app */,
				699F363D267D080200D354CC /* JCCardTests.xctest */,
				699F3648267D080200D354CC /* JCCardUITests.xctest */,
			);
			name = Products;
			sourceTree = "<group>";
		};
		699F3629267D080100D354CC /* JCCard */ = {
			isa = PBXGroup;
			children = (
				699F362A267D080100D354CC /* AppDelegate.swift */,
				699F362C267D080100D354CC /* SceneDelegate.swift */,
				699F362E267D080100D354CC /* ContentView.swift */,
				699F3630267D080200D354CC /* Assets.xcassets */,
				699F3635267D080200D354CC /* LaunchScreen.storyboard */,
				699F3638267D080200D354CC /* Info.plist */,
				699F3632267D080200D354CC /* Preview Content */,
			);
			path = JCCard;
			sourceTree = "<group>";
		};
		699F3632267D080200D354CC /* Preview Content */ = {
			isa = PBXGroup;
			children = (
				699F3633267D080200D354CC /* Preview Assets.xcassets */,
			);
			path = "Preview Content";
			sourceTree = "<group>";
		};
		699F3640267D080200D354CC /* JCCardTests */ = {
			isa = PBXGroup;
			children = (
				699F3641267D080200D354CC /* JCCardTests.swift */,
				699F3643267D080200D354CC /* Info.plist */,
			);
			path = JCCardTests;
			sourceTree = "<group>";
		};
		699F364B267D080200D354CC /* JCCardUITests */ = {
			isa = PBXGroup;
			children = (
				699F364C267D080200D354CC /* JCCardUITests.swift */,
				699F364E267D080200D354CC /* Info.plist */,
			);
			path = JCCardUITests;
			sourceTree = "<group>";
		};
/* End PBXGroup section */

/* Begin PBXNativeTarget section */
		699F3626267D080100D354CC /* JCCard */ = {
			isa = PBXNativeTarget;
			buildConfigurationList = 699F3651267D080200D354CC /* Build configuration list for PBXNativeTarget "JCCard" */;
			buildPhases = (
				699F3623267D080100D354CC /* Sources */,
				699F3624267D080100D354CC /* Frameworks */,
				699F3625267D080100D354CC /* Resources */,
			);
			buildRules = (
			);
			dependencies = (
			);
			name = JCCard;
			productName = JCCard;
			productReference = 699F3627267D080100D354CC /* JCCard.app */;
			productType = "com.apple.product-type.application";
		};
		699F363C267D080200D354CC /* JCCardTests */ = {
			isa = PBXNativeTarget;
			buildConfigurationList = 699F3654267D080200D354CC /* Build configuration list for PBXNativeTarget "JCCardTests" */;
			buildPhases = (
				699F3639267D080200D354CC /* Sources */,
				699F363A267D080200D354CC /* Frameworks */,
				699F363B267D080200D354CC /* Resources */,
			);
			buildRules = (
			);
			dependencies = (
				699F363F267D080200D354CC /* PBXTargetDependency */,
			);
			name = JCCardTests;
			productName = JCCardTests;
			productReference = 699F363D267D080200D354CC /* JCCardTests.xctest */;
			productType = "com.apple.product-type.bundle.unit-test";
		};
		699F3647267D080200D354CC /* JCCardUITests */ = {
			isa = PBXNativeTarget;
			buildConfigurationList = 699F3657267D080200D354CC /* Build configuration list for PBXNativeTarget "JCCardUITests" */;
			buildPhases = (
				699F3644267D080200D354CC /* Sources */,
				699F3645267D080200D354CC /* Frameworks */,
				699F3646267D080200D354CC /* Resources */,
			);
			buildRules = (
			);
			dependencies = (
				699F364A267D080200D354CC /* PBXTargetDependency */,
			);
			name = JCCardUITests;
			productName = JCCardUITests;
			productReference = 699F3648267D080200D354CC /* JCCardUITests.xctest */;
			productType = "com.apple.product-type.bundle.ui-testing";
		};
/* End PBXNativeTarget section */

/* Begin PBXProject section */
		699F361F267D080100D354CC /* Project object */ = {
			isa = PBXProject;
			attributes = {
				LastSwiftUpdateCheck = 1250;
				LastUpgradeCheck = 1250;
				TargetAttributes = {
					699F3626267D080100D354CC = {
						CreatedOnToolsVersion = 12.5;
					};
					699F363C267D080200D354CC = {
						CreatedOnToolsVersion = 12.5;
						TestTargetID = 699F3626267D080100D354CC;
					};
					699F3647267D080200D354CC = {
						CreatedOnToolsVersion = 12.5;
						TestTargetID = 699F3626267D080100D354CC;
					};
				};
			};
			buildConfigurationList = 699F3622267D080100D354CC /* Build configuration list for PBXProject "JCCard" */;
			compatibilityVersion = "Xcode 9.3";
			developmentRegion = en;
			hasScannedForEncodings = 0;
			knownRegions = (
				en,
				Base,
			);
			mainGroup = 699F361E267D080100D354CC;
			productRefGroup = 699F3628267D080100D354CC /* Products */;
			projectDirPath = "";
			projectRoot = "";
			targets = (
				699F3626267D080100D354CC /* JCCard */,
				699F363C267D080200D354CC /* JCCardTests */,
				699F3647267D080200D354CC /* JCCardUITests */,
			);
		};
/* End PBXProject section */

/* Begin PBXResourcesBuildPhase section */
		699F3625267D080100D354CC /* Resources */ = {
			isa = PBXResourcesBuildPhase;
			buildActionMask = 2147483647;
			files = (
				699F3637267D080200D354CC /* LaunchScreen.storyboard in Resources */,
				699F3634267D080200D354CC /* Preview Assets.xcassets in Resources */,
				699F3631267D080200D354CC /* Assets.xcassets in Resources */,
			);
			runOnlyForDeploymentPostprocessing = 0;
		};
		699F363B267D080200D354CC /* Resources */ = {
			isa = PBXResourcesBuildPhase;
			buildActionMask = 2147483647;
			files = (
			);
			runOnlyForDeploymentPostprocessing = 0;
		};
		699F3646267D080200D354CC /* Resources */ = {
			isa = PBXResourcesBuildPhase;
			buildActionMask = 2147483647;
			files = (
			);
			runOnlyForDeploymentPostprocessing = 0;
		};
/* End PBXResourcesBuildPhase section */

/* Begin PBXSourcesBuildPhase section */
		699F3623267D080100D354CC /* Sources */ = {
			isa = PBXSourcesBuildPhase;
			buildActionMask = 2147483647;
			files = (
				699F362B267D080100D354CC /* AppDelegate.swift in Sources */,
				699F362D267D080100D354CC /* SceneDelegate.swift in Sources */,
				699F362F267D080100D354CC /* ContentView.swift in Sources */,
			);
			runOnlyForDeploymentPostprocessing = 0;
		};
		699F3639267D080200D354CC /* Sources */ = {
			isa = PBXSourcesBuildPhase;
			buildActionMask = 2147483647;
			files = (
				699F3642267D080200D354CC /* JCCardTests.swift in Sources */,
			);
			runOnlyForDeploymentPostprocessing = 0;
		};
		699F3644267D080200D354CC /* Sources */ = {
			isa = PBXSourcesBuildPhase;
			buildActionMask = 2147483647;
			files = (
				699F364D267D080200D354CC /* JCCardUITests.swift in Sources */,
			);
			runOnlyForDeploymentPostprocessing = 0;
		};
/* End PBXSourcesBuildPhase section */

/* Begin PBXTargetDependency section */
		699F363F267D080200D354CC /* PBXTargetDependency */ = {
			isa = PBXTargetDependency;
			target = 699F3626267D080100D354CC /* JCCard */;
			targetProxy = 699F363E267D080200D354CC /* PBXContainerItemProxy */;
		};
		699F364A267D080200D354CC /* PBXTargetDependency */ = {
			isa = PBXTargetDependency;
			target = 699F3626267D080100D354CC /* JCCard */;
			targetProxy = 699F3649267D080200D354CC /* PBXContainerItemProxy */;
		};
/* End PBXTargetDependency section */

/* Begin PBXVariantGroup section */
		699F3635267D080200D354CC /* LaunchScreen.storyboard */ = {
			isa = PBXVariantGroup;
			children = (
				699F3636267D080200D354CC /* Base */,
			);
			name = LaunchScreen.storyboard;
			sourceTree = "<group>";
		};
/* End PBXVariantGroup section */

/* Begin XCBuildConfiguration section */
		699F364F267D080200D354CC /* Debug */ = {
			isa = XCBuildConfiguration;
			buildSettings = {
				ALWAYS_SEARCH_USER_PATHS = NO;
				CLANG_ANALYZER_NONNULL = YES;
				CLANG_ANALYZER_NUMBER_OBJECT_CONVERSION = YES_AGGRESSIVE;
				CLANG_CXX_LANGUAGE_STANDARD = "gnu++14";
				CLANG_CXX_LIBRARY = "libc++";
				CLANG_ENABLE_MODULES = YES;
				CLANG_ENABLE_OBJC_ARC = YES;
				CLANG_ENABLE_OBJC_WEAK = YES;
				CLANG_WARN_BLOCK_CAPTURE_AUTORELEASING = YES;
				CLANG_WARN_BOOL_CONVERSION = YES;
				CLANG_WARN_COMMA = YES;
				CLANG_WARN_CONSTANT_CONVERSION = YES;
				CLANG_WARN_DEPRECATED_OBJC_IMPLEMENTATIONS = YES;
				CLANG_WARN_DIRECT_OBJC_ISA_USAGE = YES_ERROR;
				CLANG_WARN_DOCUMENTATION_COMMENTS = YES;
				CLANG_WARN_EMPTY_BODY = YES;
				CLANG_WARN_ENUM_CONVERSION = YES;
				CLANG_WARN_INFINITE_RECURSION = YES;
				CLANG_WARN_INT_CONVERSION = YES;
				CLANG_WARN_NON_LITERAL_NULL_CONVERSION = YES;
				CLANG_WARN_OBJC_IMPLICIT_RETAIN_SELF = YES;
				CLANG_WARN_OBJC_LITERAL_CONVERSION = YES;
				CLANG_WARN_OBJC_ROOT_CLASS = YES_ERROR;
				CLANG_WARN_QUOTED_INCLUDE_IN_FRAMEWORK_HEADER = YES;
				CLANG_WARN_RANGE_LOOP_ANALYSIS = YES;
				CLANG_WARN_STRICT_PROTOTYPES = YES;
				CLANG_WARN_SUSPICIOUS_MOVE = YES;
				CLANG_WARN_UNGUARDED_AVAILABILITY = YES_AGGRESSIVE;
				CLANG_WARN_UNREACHABLE_CODE = YES;
				CLANG_WARN__DUPLICATE_METHOD_MATCH = YES;
				COPY_PHASE_STRIP = NO;
				DEBUG_INFORMATION_FORMAT = dwarf;
				ENABLE_STRICT_OBJC_MSGSEND = YES;
				ENABLE_TESTABILITY = YES;
				GCC_C_LANGUAGE_STANDARD = gnu11;
				GCC_DYNAMIC_NO_PIC = NO;
				GCC_NO_COMMON_BLOCKS = YES;
				GCC_OPTIMIZATION_LEVEL = 0;
				GCC_PREPROCESSOR_DEFINITIONS = (
					"DEBUG=1",
					"$(inherited)",
				);
				GCC_WARN_64_TO_32_BIT_CONVERSION = YES;
				GCC_WARN_ABOUT_RETURN_TYPE = YES_ERROR;
				GCC_WARN_UNDECLARED_SELECTOR = YES;
				GCC_WARN_UNINITIALIZED_AUTOS = YES_AGGRESSIVE;
				GCC_WARN_UNUSED_FUNCTION = YES;
				GCC_WARN_UNUSED_VARIABLE = YES;
				IPHONEOS_DEPLOYMENT_TARGET = 14.5;
				MTL_ENABLE_DEBUG_INFO = INCLUDE_SOURCE;
				MTL_FAST_MATH = YES;
				ONLY_ACTIVE_ARCH = YES;
				SDKROOT = iphoneos;
				SWIFT_ACTIVE_COMPILATION_CONDITIONS = DEBUG;
				SWIFT_OPTIMIZATION_LEVEL = "-Onone";
			};
			name = Debug;
		};
		699F3650267D080200D354CC /* Release */ = {
			isa = XCBuildConfiguration;
			buildSettings = {
				ALWAYS_SEARCH_USER_PATHS = NO;
				CLANG_ANALYZER_NONNULL = YES;
				CLANG_ANALYZER_NUMBER_OBJECT_CONVERSION = YES_AGGRESSIVE;
				CLANG_CXX_LANGUAGE_STANDARD = "gnu++14";
				CLANG_CXX_LIBRARY = "libc++";
				CLANG_ENABLE_MODULES = YES;
				CLANG_ENABLE_OBJC_ARC = YES;
				CLANG_ENABLE_OBJC_WEAK = YES;
				CLANG_WARN_BLOCK_CAPTURE_AUTORELEASING = YES;
				CLANG_WARN_BOOL_CONVERSION = YES;
				CLANG_WARN_COMMA = YES;
				CLANG_WARN_CONSTANT_CONVERSION = YES;
				CLANG_WARN_DEPRECATED_OBJC_IMPLEMENTATIONS = YES;
				CLANG_WARN_DIRECT_OBJC_ISA_USAGE = YES_ERROR;
				CLANG_WARN_DOCUMENTATION_COMMENTS = YES;
				CLANG_WARN_EMPTY_BODY = YES;
				CLANG_WARN_ENUM_CONVERSION = YES;
				CLANG_WARN_INFINITE_RECURSION = YES;
				CLANG_WARN_INT_CONVERSION = YES;
				CLANG_WARN_NON_LITERAL_NULL_CONVERSION = YES;
				CLANG_WARN_OBJC_IMPLICIT_RETAIN_SELF = YES;
				CLANG_WARN_OBJC_LITERAL_CONVERSION = YES;
				CLANG_WARN_OBJC_ROOT_CLASS = YES_ERROR;
				CLANG_WARN_QUOTED_INCLUDE_IN_FRAMEWORK_HEADER = YES;
				CLANG_WARN_RANGE_LOOP_ANALYSIS = YES;
				CLANG_WARN_STRICT_PROTOTYPES = YES;
				CLANG_WARN_SUSPICIOUS_MOVE = YES;
				CLANG_WARN_UNGUARDED_AVAILABILITY = YES_AGGRESSIVE;
				CLANG_WARN_UNREACHABLE_CODE = YES;
				CLANG_WARN__DUPLICATE_METHOD_MATCH = YES;
				COPY_PHASE_STRIP = NO;
				DEBUG_INFORMATION_FORMAT = "dwarf-with-dsym";
				ENABLE_NS_ASSERTIONS = NO;
				ENABLE_STRICT_OBJC_MSGSEND = YES;
				GCC_C_LANGUAGE_STANDARD = gnu11;
				GCC_NO_COMMON_BLOCKS = YES;
				GCC_WARN_64_TO_32_BIT_CONVERSION = YES;
				GCC_WARN_ABOUT_RETURN_TYPE = YES_ERROR;
				GCC_WARN_UNDECLARED_SELECTOR = YES;
				GCC_WARN_UNINITIALIZED_AUTOS = YES_AGGRESSIVE;
				GCC_WARN_UNUSED_FUNCTION = YES;
				GCC_WARN_UNUSED_VARIABLE = YES;
				IPHONEOS_DEPLOYMENT_TARGET = 14.5;
				MTL_ENABLE_DEBUG_INFO = NO;
				MTL_FAST_MATH = YES;
				SDKROOT = iphoneos;
				SWIFT_COMPILATION_MODE = wholemodule;
				SWIFT_OPTIMIZATION_LEVEL = "-O";
				VALIDATE_PRODUCT = YES;
			};
			name = Release;
		};
		699F3652267D080200D354CC /* Debug */ = {
			isa = XCBuildConfiguration;
			buildSettings = {
				ASSETCATALOG_COMPILER_APPICON_NAME = AppIcon;
				ASSETCATALOG_COMPILER_GLOBAL_ACCENT_COLOR_NAME = AccentColor;
				CODE_SIGN_STYLE = Automatic;
				DEVELOPMENT_ASSET_PATHS = "\"JCCard/Preview Content\"";
				DEVELOPMENT_TEAM = LQ3B49AZQA;
				ENABLE_PREVIEWS = YES;
				INFOPLIST_FILE = JCCard/Info.plist;
				LD_RUNPATH_SEARCH_PATHS = (
					"$(inherited)",
					"@executable_path/Frameworks",
				);
				PRODUCT_BUNDLE_IDENTIFIER = com.jsleeve.JCCard;
				PRODUCT_NAME = "$(TARGET_NAME)";
				SWIFT_VERSION = 5.0;
				TARGETED_DEVICE_FAMILY = "1,2";
			};
			name = Debug;
		};
		699F3653267D080200D354CC /* Release */ = {
			isa = XCBuildConfiguration;
			buildSettings = {
				ASSETCATALOG_COMPILER_APPICON_NAME = AppIcon;
				ASSETCATALOG_COMPILER_GLOBAL_ACCENT_COLOR_NAME = AccentColor;
				CODE_SIGN_STYLE = Automatic;
				DEVELOPMENT_ASSET_PATHS = "\"JCCard/Preview Content\"";
				DEVELOPMENT_TEAM = LQ3B49AZQA;
				ENABLE_PREVIEWS = YES;
				INFOPLIST_FILE = JCCard/Info.plist;
				LD_RUNPATH_SEARCH_PATHS = (
					"$(inherited)",
					"@executable_path/Frameworks",
				);
				PRODUCT_BUNDLE_IDENTIFIER = com.jsleeve.JCCard;
				PRODUCT_NAME = "$(TARGET_NAME)";
				SWIFT_VERSION = 5.0;
				TARGETED_DEVICE_FAMILY = "1,2";
			};
			name = Release;
		};
		699F3655267D080200D354CC /* Debug */ = {
			isa = XCBuildConfiguration;
			buildSettings = {
				ALWAYS_EMBED_SWIFT_STANDARD_LIBRARIES = YES;
				BUNDLE_LOADER = "$(TEST_HOST)";
				CODE_SIGN_STYLE = Automatic;
				DEVELOPMENT_TEAM = LQ3B49AZQA;
				INFOPLIST_FILE = JCCardTests/Info.plist;
				IPHONEOS_DEPLOYMENT_TARGET = 14.5;
				LD_RUNPATH_SEARCH_PATHS = (
					"$(inherited)",
					"@executable_path/Frameworks",
					"@loader_path/Frameworks",
				);
				PRODUCT_BUNDLE_IDENTIFIER = com.jsleeve.JCCardTests;
				PRODUCT_NAME = "$(TARGET_NAME)";
				SWIFT_VERSION = 5.0;
				TARGETED_DEVICE_FAMILY = "1,2";
				TEST_HOST = "$(BUILT_PRODUCTS_DIR)/JCCard.app/JCCard";
			};
			name = Debug;
		};
		699F3656267D080200D354CC /* Release */ = {
			isa = XCBuildConfiguration;
			buildSettings = {
				ALWAYS_EMBED_SWIFT_STANDARD_LIBRARIES = YES;
				BUNDLE_LOADER = "$(TEST_HOST)";
				CODE_SIGN_STYLE = Automatic;
				DEVELOPMENT_TEAM = LQ3B49AZQA;
				INFOPLIST_FILE = JCCardTests/Info.plist;
				IPHONEOS_DEPLOYMENT_TARGET = 14.5;
				LD_RUNPATH_SEARCH_PATHS = (
					"$(inherited)",
					"@executable_path/Frameworks",
					"@loader_path/Frameworks",
				);
				PRODUCT_BUNDLE_IDENTIFIER = com.jsleeve.JCCardTests;
				PRODUCT_NAME = "$(TARGET_NAME)";
				SWIFT_VERSION = 5.0;
				TARGETED_DEVICE_FAMILY = "1,2";
				TEST_HOST = "$(BUILT_PRODUCTS_DIR)/JCCard.app/JCCard";
			};
			name = Release;
		};
		699F3658267D080200D354CC /* Debug */ = {
			isa = XCBuildConfiguration;
			buildSettings = {
				ALWAYS_EMBED_SWIFT_STANDARD_LIBRARIES = YES;
				CODE_SIGN_STYLE = Automatic;
				DEVELOPMENT_TEAM = LQ3B49AZQA;
				INFOPLIST_FILE = JCCardUITests/Info.plist;
				LD_RUNPATH_SEARCH_PATHS = (
					"$(inherited)",
					"@executable_path/Frameworks",
					"@loader_path/Frameworks",
				);
				PRODUCT_BUNDLE_IDENTIFIER = com.jsleeve.JCCardUITests;
				PRODUCT_NAME = "$(TARGET_NAME)";
				SWIFT_VERSION = 5.0;
				TARGETED_DEVICE_FAMILY = "1,2";
				TEST_TARGET_NAME = JCCard;
			};
			name = Debug;
		};
		699F3659267D080200D354CC /* Release */ = {
			isa = XCBuildConfiguration;
			buildSettings = {
				ALWAYS_EMBED_SWIFT_STANDARD_LIBRARIES = YES;
				CODE_SIGN_STYLE = Automatic;
				DEVELOPMENT_TEAM = LQ3B49AZQA;
				INFOPLIST_FILE = JCCardUITests/Info.plist;
				LD_RUNPATH_SEARCH_PATHS = (
					"$(inherited)",
					"@executable_path/Frameworks",
					"@loader_path/Frameworks",
				);
				PRODUCT_BUNDLE_IDENTIFIER = com.jsleeve.JCCardUITests;
				PRODUCT_NAME = "$(TARGET_NAME)";
				SWIFT_VERSION = 5.0;
				TARGETED_DEVICE_FAMILY = "1,2";
				TEST_TARGET_NAME = JCCard;
			};
			name = Release;
		};
/* End XCBuildConfiguration section */

/* Begin XCConfigurationList section */
		699F3622267D080100D354CC /* Build configuration list for PBXProject "JCCard" */ = {
			isa = XCConfigurationList;
			buildConfigurations = (
				699F364F267D080200D354CC /* Debug */,
				699F3650267D080200D354CC /* Release */,
			);
			defaultConfigurationIsVisible = 0;
			defaultConfigurationName = Release;
		};
		699F3651267D080200D354CC /* Build configuration list for PBXNativeTarget "JCCard" */ = {
			isa = XCConfigurationList;
			buildConfigurations = (
				699F3652267D080200D354CC /* Debug */,
				699F3653267D080200D354CC /* Release */,
			);
			defaultConfigurationIsVisible = 0;
			defaultConfigurationName = Release;
		};
		699F3654267D080200D354CC /* Build configuration list for PBXNativeTarget "JCCardTests" */ = {
			isa = XCConfigurationList;
			buildConfigurations = (
				699F3655267D080200D354CC /* Debug */,
				699F3656267D080200D354CC /* Release */,
			);
			defaultConfigurationIsVisible = 0;
			defaultConfigurationName = Release;
		};
		699F3657267D080200D354CC /* Build configuration list for PBXNativeTarget "JCCardUITests" */ = {
			isa = XCConfigurationList;
			buildConfigurations = (
				699F3658267D080200D354CC /* Debug */,
				699F3659267D080200D354CC /* Release */,
			);
			defaultConfigurationIsVisible = 0;
			defaultConfigurationName = Release;
		};
/* End XCConfigurationList section */
	};
	rootObject = 699F361F267D080100D354CC /* Project object */;
}
